
Microsoft Visual Studio Solution File, Format Version 12.00
# Visual Studio 14
VisualStudioVersion = 14.0.25420.1
MinimumVisualStudioVersion = 10.0.40219.1
Project("{2150E333-8FDC-42A3-9474-1A3956D46DE8}") = "src", "src", "{16F4D4A1-79E0-43FB-BC91-08C38477CC68}"
EndProject
Project("{2150E333-8FDC-42A3-9474-1A3956D46DE8}") = "Solution Items", "Solution Items", "{BD1F1339-3DC2-45E3-8CA8-775B7B75BCBA}"
	ProjectSection(SolutionItems) = preProject
		global.json = global.json
	EndProjectSection
EndProject
Project("{8BB2217D-0F2D-49D1-97BC-3654ED321F3B}") = "ConsoleApp1", "src\ConsoleApp1\ConsoleApp1.xproj", "{AA104DB5-0A39-4FB4-B7C3-6017EB3B445F}"
EndProject
Global
	GlobalSection(SolutionConfigurationPlatforms) = preSolution
		Debug|Any CPU = Debug|Any CPU
		Release|Any CPU = Release|Any CPU
	EndGlobalSection
	GlobalSection(ProjectConfigurationPlatforms) = postSolution
		{AA104DB5-0A39-4FB4-B7C3-6017EB3B445F}.Debug|Any CPU.ActiveCfg = Debug|Any CPU
		{AA104DB5-0A39-4FB4-B7C3-6017EB3B445F}.Debug|Any CPU.Build.0 = Debug|Any CPU
		{AA104DB5-0A39-4FB4-B7C3-6017EB3B445F}.Release|Any CPU.ActiveCfg = Release|Any CPU
		{AA104DB5-0A39-4FB4-B7C3-6017EB3B445F}.Release|Any CPU.Build.0 = Release|Any CPU
	EndGlobalSection
	GlobalSection(SolutionProperties) = preSolution
		HideSolutionNode = FALSE
	EndGlobalSection
	GlobalSection(NestedProjects) = preSolution
		{AA104DB5-0A39-4FB4-B7C3-6017EB3B445F} = {16F4D4A1-79E0-43FB-BC91-08C38477CC68}
	EndGlobalSection
EndGlobal
